{
  "name": "vim-language-server",
  "lockfileVersion": 2,
  "requires": true,
  "packages": {
    "": {
      "dependencies": {
        "vim-language-server": "^2.3.1"
      }
    },
    "node_modules/vim-language-server": {
      "version": "2.3.1",
      "resolved": "https://registry.npmjs.org/vim-language-server/-/vim-language-server-2.3.1.tgz",
      "integrity": "sha512-Y9Zy3NKzfndLUfuZRrITkpfGvpL2K7hNPV8sJ1iB6mf1YRxIX3Hs6lwZimoD5pmvamUaOQhNGYMS/Ox9itzA4Q==",
      "bin": {
        "vim-language-server": "bin/index.js"
      }
    }
  },
  "dependencies": {
    "vim-language-server": {
      "version": "2.3.1",
      "resolved": "https://registry.npmjs.org/vim-language-server/-/vim-language-server-2.3.1.tgz",
      "integrity": "sha512-Y9Zy3NKzfndLUfuZRrITkpfGvpL2K7hNPV8sJ1iB6mf1YRxIX3Hs6lwZimoD5pmvamUaOQhNGYMS/Ox9itzA4Q=="
    }
  }
}
